
Microsoft Visual Studio Solution File, Format Version 12.00
# Visual Studio Version 17
VisualStudioVersion = 17.12.35527.113
MinimumVisualStudioVersion = 10.0.40219.1
Project("{FAE04EC0-301F-11D3-BF4B-00C04F79EFBC}") = "ButtonWrapper", "WpfApp1\ButtonWrapper.csproj", "{BBC009B4-1A22-4C73-99E7-043B52CF3A8B}"
EndProject
Project("{FAE04EC0-301F-11D3-BF4B-00C04F79EFBC}") = "Calculator", "Calculator\Calculator.csproj", "{FADC533B-0685-4CB0-A54F-BF5C9337FE6B}"
EndProject
Global
	GlobalSection(SolutionConfigurationPlatforms) = preSolution
		Debug|Any CPU = Debug|Any CPU
		Release|Any CPU = Release|Any CPU
	EndGlobalSection
	GlobalSection(ProjectConfigurationPlatforms) = postSolution
		{BBC009B4-1A22-4C73-99E7-043B52CF3A8B}.Debug|Any CPU.ActiveCfg = Debug|Any CPU
		{BBC009B4-1A22-4C73-99E7-043B52CF3A8B}.Debug|Any CPU.Build.0 = Debug|Any CPU
		{BBC009B4-1A22-4C73-99E7-043B52CF3A8B}.Release|Any CPU.ActiveCfg = Release|Any CPU
		{BBC009B4-1A22-4C73-99E7-043B52CF3A8B}.Release|Any CPU.Build.0 = Release|Any CPU
		{FADC533B-0685-4CB0-A54F-BF5C9337FE6B}.Debug|Any CPU.ActiveCfg = Debug|Any CPU
		{FADC533B-0685-4CB0-A54F-BF5C9337FE6B}.Debug|Any CPU.Build.0 = Debug|Any CPU
		{FADC533B-0685-4CB0-A54F-BF5C9337FE6B}.Release|Any CPU.ActiveCfg = Release|Any CPU
		{FADC533B-0685-4CB0-A54F-BF5C9337FE6B}.Release|Any CPU.Build.0 = Release|Any CPU
	EndGlobalSection
	GlobalSection(SolutionProperties) = preSolution
		HideSolutionNode = FALSE
	EndGlobalSection
EndGlobal
