
Microsoft Visual Studio Solution File, Format Version 12.00
# Visual Studio Version 17
VisualStudioVersion = 17.5.002.0
MinimumVisualStudioVersion = 10.0.40219.1
Project("{9A19103F-16F7-4668-BE54-9A1E7A4F7556}") = "5", "5.csproj", "{18C1DF9C-563D-40EE-9374-6565EEFAF48C}"
EndProject
Global
	GlobalSection(SolutionConfigurationPlatforms) = preSolution
		Debug|Any CPU = Debug|Any CPU
		Release|Any CPU = Release|Any CPU
	EndGlobalSection
	GlobalSection(ProjectConfigurationPlatforms) = postSolution
		{18C1DF9C-563D-40EE-9374-6565EEFAF48C}.Debug|Any CPU.ActiveCfg = Debug|Any CPU
		{18C1DF9C-563D-40EE-9374-6565EEFAF48C}.Debug|Any CPU.Build.0 = Debug|Any CPU
		{18C1DF9C-563D-40EE-9374-6565EEFAF48C}.Release|Any CPU.ActiveCfg = Release|Any CPU
		{18C1DF9C-563D-40EE-9374-6565EEFAF48C}.Release|Any CPU.Build.0 = Release|Any CPU
	EndGlobalSection
	GlobalSection(SolutionProperties) = preSolution
		HideSolutionNode = FALSE
	EndGlobalSection
	GlobalSection(ExtensibilityGlobals) = postSolution
		SolutionGuid = {190110CF-9AA5-4DA7-AE82-28368B9AF451}
	EndGlobalSection
EndGlobal
