
Microsoft Visual Studio Solution File, Format Version 12.00
# Visual Studio Version 17
VisualStudioVersion = 17.5.002.0
MinimumVisualStudioVersion = 10.0.40219.1
Project("{9A19103F-16F7-4668-BE54-9A1E7A4F7556}") = "WindowsFormsApp", "WindowsFormsApp.csproj", "{70BEEB00-3886-452E-AAB6-0ADA5AC41926}"
EndProject
Global
	GlobalSection(SolutionConfigurationPlatforms) = preSolution
		Debug|Any CPU = Debug|Any CPU
		Release|Any CPU = Release|Any CPU
	EndGlobalSection
	GlobalSection(ProjectConfigurationPlatforms) = postSolution
		{70BEEB00-3886-452E-AAB6-0ADA5AC41926}.Debug|Any CPU.ActiveCfg = Debug|Any CPU
		{70BEEB00-3886-452E-AAB6-0ADA5AC41926}.Debug|Any CPU.Build.0 = Debug|Any CPU
		{70BEEB00-3886-452E-AAB6-0ADA5AC41926}.Release|Any CPU.ActiveCfg = Release|Any CPU
		{70BEEB00-3886-452E-AAB6-0ADA5AC41926}.Release|Any CPU.Build.0 = Release|Any CPU
	EndGlobalSection
	GlobalSection(SolutionProperties) = preSolution
		HideSolutionNode = FALSE
	EndGlobalSection
	GlobalSection(ExtensibilityGlobals) = postSolution
		SolutionGuid = {1116683C-219C-40C0-82AA-718BD9217054}
	EndGlobalSection
EndGlobal
