
Microsoft Visual Studio Solution File, Format Version 12.00
# Visual Studio Version 17
VisualStudioVersion = 17.5.002.0
MinimumVisualStudioVersion = 10.0.40219.1
Project("{9A19103F-16F7-4668-BE54-9A1E7A4F7556}") = "7", "7.csproj", "{A6C91BB3-8650-4F3B-B2FA-154F781E30BA}"
EndProject
Global
	GlobalSection(SolutionConfigurationPlatforms) = preSolution
		Debug|Any CPU = Debug|Any CPU
		Release|Any CPU = Release|Any CPU
	EndGlobalSection
	GlobalSection(ProjectConfigurationPlatforms) = postSolution
		{A6C91BB3-8650-4F3B-B2FA-154F781E30BA}.Debug|Any CPU.ActiveCfg = Debug|Any CPU
		{A6C91BB3-8650-4F3B-B2FA-154F781E30BA}.Debug|Any CPU.Build.0 = Debug|Any CPU
		{A6C91BB3-8650-4F3B-B2FA-154F781E30BA}.Release|Any CPU.ActiveCfg = Release|Any CPU
		{A6C91BB3-8650-4F3B-B2FA-154F781E30BA}.Release|Any CPU.Build.0 = Release|Any CPU
	EndGlobalSection
	GlobalSection(SolutionProperties) = preSolution
		HideSolutionNode = FALSE
	EndGlobalSection
	GlobalSection(ExtensibilityGlobals) = postSolution
		SolutionGuid = {1BD1C0CC-EF7C-4A20-AC1A-59BD8D385617}
	EndGlobalSection
EndGlobal
