
Microsoft Visual Studio Solution File, Format Version 12.00
# Visual Studio Version 17
VisualStudioVersion = 17.5.002.0
MinimumVisualStudioVersion = 10.0.40219.1
Project("{9A19103F-16F7-4668-BE54-9A1E7A4F7556}") = "21", "21.csproj", "{AEAFC9B7-F494-4634-B1D5-D788301CF34A}"
EndProject
Global
	GlobalSection(SolutionConfigurationPlatforms) = preSolution
		Debug|Any CPU = Debug|Any CPU
		Release|Any CPU = Release|Any CPU
	EndGlobalSection
	GlobalSection(ProjectConfigurationPlatforms) = postSolution
		{AEAFC9B7-F494-4634-B1D5-D788301CF34A}.Debug|Any CPU.ActiveCfg = Debug|Any CPU
		{AEAFC9B7-F494-4634-B1D5-D788301CF34A}.Debug|Any CPU.Build.0 = Debug|Any CPU
		{AEAFC9B7-F494-4634-B1D5-D788301CF34A}.Release|Any CPU.ActiveCfg = Release|Any CPU
		{AEAFC9B7-F494-4634-B1D5-D788301CF34A}.Release|Any CPU.Build.0 = Release|Any CPU
	EndGlobalSection
	GlobalSection(SolutionProperties) = preSolution
		HideSolutionNode = FALSE
	EndGlobalSection
	GlobalSection(ExtensibilityGlobals) = postSolution
		SolutionGuid = {A3652E35-FF53-439D-AED7-6429EE0C7035}
	EndGlobalSection
EndGlobal
