
Microsoft Visual Studio Solution File, Format Version 12.00
# Visual Studio Version 17
VisualStudioVersion = 17.5.002.0
MinimumVisualStudioVersion = 10.0.40219.1
Project("{9A19103F-16F7-4668-BE54-9A1E7A4F7556}") = "14", "14.csproj", "{ADDEE0FA-CCEA-428B-887B-D246CA635FEB}"
EndProject
Global
	GlobalSection(SolutionConfigurationPlatforms) = preSolution
		Debug|Any CPU = Debug|Any CPU
		Release|Any CPU = Release|Any CPU
	EndGlobalSection
	GlobalSection(ProjectConfigurationPlatforms) = postSolution
		{ADDEE0FA-CCEA-428B-887B-D246CA635FEB}.Debug|Any CPU.ActiveCfg = Debug|Any CPU
		{ADDEE0FA-CCEA-428B-887B-D246CA635FEB}.Debug|Any CPU.Build.0 = Debug|Any CPU
		{ADDEE0FA-CCEA-428B-887B-D246CA635FEB}.Release|Any CPU.ActiveCfg = Release|Any CPU
		{ADDEE0FA-CCEA-428B-887B-D246CA635FEB}.Release|Any CPU.Build.0 = Release|Any CPU
	EndGlobalSection
	GlobalSection(SolutionProperties) = preSolution
		HideSolutionNode = FALSE
	EndGlobalSection
	GlobalSection(ExtensibilityGlobals) = postSolution
		SolutionGuid = {8E7F2688-32E8-423D-B508-C0CD2EDAAF1A}
	EndGlobalSection
EndGlobal
