
Microsoft Visual Studio Solution File, Format Version 12.00
# Visual Studio Version 17
VisualStudioVersion = 17.13.35828.75 d17.13
MinimumVisualStudioVersion = 10.0.40219.1
Project("{FAE04EC0-301F-11D3-BF4B-00C04F79EFBC}") = "UniversityMVC", "UniversityMVC\UniversityMVC.csproj", "{BB605F11-9952-406D-98E4-19B63B622967}"
EndProject
Global
	GlobalSection(SolutionConfigurationPlatforms) = preSolution
		Debug|Any CPU = Debug|Any CPU
		Release|Any CPU = Release|Any CPU
	EndGlobalSection
	GlobalSection(ProjectConfigurationPlatforms) = postSolution
		{BB605F11-9952-406D-98E4-19B63B622967}.Debug|Any CPU.ActiveCfg = Debug|Any CPU
		{BB605F11-9952-406D-98E4-19B63B622967}.Debug|Any CPU.Build.0 = Debug|Any CPU
		{BB605F11-9952-406D-98E4-19B63B622967}.Release|Any CPU.ActiveCfg = Release|Any CPU
		{BB605F11-9952-406D-98E4-19B63B622967}.Release|Any CPU.Build.0 = Release|Any CPU
	EndGlobalSection
	GlobalSection(SolutionProperties) = preSolution
		HideSolutionNode = FALSE
	EndGlobalSection
	GlobalSection(ExtensibilityGlobals) = postSolution
		SolutionGuid = {47CAC039-CDFE-4D6E-96BB-139B69A11D16}
	EndGlobalSection
EndGlobal
