
Microsoft Visual Studio Solution File, Format Version 12.00
# Visual Studio Version 17
VisualStudioVersion = 17.5.002.0
MinimumVisualStudioVersion = 10.0.40219.1
Project("{9A19103F-16F7-4668-BE54-9A1E7A4F7556}") = "12", "12.csproj", "{F1166D12-22F3-4874-839A-6FC42AB4D23E}"
EndProject
Global
	GlobalSection(SolutionConfigurationPlatforms) = preSolution
		Debug|Any CPU = Debug|Any CPU
		Release|Any CPU = Release|Any CPU
	EndGlobalSection
	GlobalSection(ProjectConfigurationPlatforms) = postSolution
		{F1166D12-22F3-4874-839A-6FC42AB4D23E}.Debug|Any CPU.ActiveCfg = Debug|Any CPU
		{F1166D12-22F3-4874-839A-6FC42AB4D23E}.Debug|Any CPU.Build.0 = Debug|Any CPU
		{F1166D12-22F3-4874-839A-6FC42AB4D23E}.Release|Any CPU.ActiveCfg = Release|Any CPU
		{F1166D12-22F3-4874-839A-6FC42AB4D23E}.Release|Any CPU.Build.0 = Release|Any CPU
	EndGlobalSection
	GlobalSection(SolutionProperties) = preSolution
		HideSolutionNode = FALSE
	EndGlobalSection
	GlobalSection(ExtensibilityGlobals) = postSolution
		SolutionGuid = {042C4B03-BBF3-489C-A8A1-DD727642EB95}
	EndGlobalSection
EndGlobal
