
Microsoft Visual Studio Solution File, Format Version 12.00
# Visual Studio Version 17
VisualStudioVersion = 17.5.002.0
MinimumVisualStudioVersion = 10.0.40219.1
Project("{9A19103F-16F7-4668-BE54-9A1E7A4F7556}") = "9", "9.csproj", "{A5175727-C9FF-465A-8125-A7D6A447C839}"
EndProject
Global
	GlobalSection(SolutionConfigurationPlatforms) = preSolution
		Debug|Any CPU = Debug|Any CPU
		Release|Any CPU = Release|Any CPU
	EndGlobalSection
	GlobalSection(ProjectConfigurationPlatforms) = postSolution
		{A5175727-C9FF-465A-8125-A7D6A447C839}.Debug|Any CPU.ActiveCfg = Debug|Any CPU
		{A5175727-C9FF-465A-8125-A7D6A447C839}.Debug|Any CPU.Build.0 = Debug|Any CPU
		{A5175727-C9FF-465A-8125-A7D6A447C839}.Release|Any CPU.ActiveCfg = Release|Any CPU
		{A5175727-C9FF-465A-8125-A7D6A447C839}.Release|Any CPU.Build.0 = Release|Any CPU
	EndGlobalSection
	GlobalSection(SolutionProperties) = preSolution
		HideSolutionNode = FALSE
	EndGlobalSection
	GlobalSection(ExtensibilityGlobals) = postSolution
		SolutionGuid = {4531E35E-B0E3-42BD-8399-41B51B6BC4F4}
	EndGlobalSection
EndGlobal
